
Microsoft Visual Studio Solution File, Format Version 12.00
# Visual Studio Version 16
VisualStudioVersion = 16.0.30104.148
MinimumVisualStudioVersion = 10.0.40219.1
Project("{FAE04EC0-301F-11D3-BF4B-00C04F79EFBC}") = "Get-WifiPasswords", "Get-WifiPasswords\Get-WifiPasswords.csproj", "{63531FEB-DD02-43EF-AFBB-66B8C7D1A67B}"
EndProject
Global
	GlobalSection(SolutionConfigurationPlatforms) = preSolution
		Debug|Any CPU = Debug|Any CPU
		Release|Any CPU = Release|Any CPU
	EndGlobalSection
	GlobalSection(ProjectConfigurationPlatforms) = postSolution
		{63531FEB-DD02-43EF-AFBB-66B8C7D1A67B}.Debug|Any CPU.ActiveCfg = Debug|Any CPU
		{63531FEB-DD02-43EF-AFBB-66B8C7D1A67B}.Debug|Any CPU.Build.0 = Debug|Any CPU
		{63531FEB-DD02-43EF-AFBB-66B8C7D1A67B}.Release|Any CPU.ActiveCfg = Release|Any CPU
		{63531FEB-DD02-43EF-AFBB-66B8C7D1A67B}.Release|Any CPU.Build.0 = Release|Any CPU
	EndGlobalSection
	GlobalSection(SolutionProperties) = preSolution
		HideSolutionNode = FALSE
	EndGlobalSection
	GlobalSection(ExtensibilityGlobals) = postSolution
		SolutionGuid = {FE70DBEA-9F67-4E0A-869F-1913191B19BE}
	EndGlobalSection
EndGlobal
